
Microsoft Visual Studio Solution File, Format Version 12.00
# Visual Studio Version 17
VisualStudioVersion = 17.13.35806.99
MinimumVisualStudioVersion = 10.0.40219.1
Project("{8BC9CEB8-8B4A-11D0-8D11-00A0C91BC942}") = "coursework-2", "coursework-2.vcxproj", "{A9AB248C-20FA-4CBB-ABC0-61946715C792}"
EndProject
Global
	GlobalSection(SolutionConfigurationPlatforms) = preSolution
		Debug|x64 = Debug|x64
		Debug|x86 = Debug|x86
		Release|x64 = Release|x64
		Release|x86 = Release|x86
		Test|x64 = Test|x64
		Test|x86 = Test|x86
	EndGlobalSection
	GlobalSection(ProjectConfigurationPlatforms) = postSolution
		{A9AB248C-20FA-4CBB-ABC0-61946715C792}.Debug|x64.ActiveCfg = Debug|x64
		{A9AB248C-20FA-4CBB-ABC0-61946715C792}.Debug|x64.Build.0 = Debug|x64
		{A9AB248C-20FA-4CBB-ABC0-61946715C792}.Debug|x86.ActiveCfg = Debug|Win32
		{A9AB248C-20FA-4CBB-ABC0-61946715C792}.Debug|x86.Build.0 = Debug|Win32
		{A9AB248C-20FA-4CBB-ABC0-61946715C792}.Release|x64.ActiveCfg = Release|x64
		{A9AB248C-20FA-4CBB-ABC0-61946715C792}.Release|x64.Build.0 = Release|x64
		{A9AB248C-20FA-4CBB-ABC0-61946715C792}.Release|x86.ActiveCfg = Release|Win32
		{A9AB248C-20FA-4CBB-ABC0-61946715C792}.Release|x86.Build.0 = Release|Win32
		{A9AB248C-20FA-4CBB-ABC0-61946715C792}.Test|x64.ActiveCfg = Test|x64
		{A9AB248C-20FA-4CBB-ABC0-61946715C792}.Test|x64.Build.0 = Test|x64
		{A9AB248C-20FA-4CBB-ABC0-61946715C792}.Test|x86.ActiveCfg = Test|Win32
		{A9AB248C-20FA-4CBB-ABC0-61946715C792}.Test|x86.Build.0 = Test|Win32
	EndGlobalSection
	GlobalSection(SolutionProperties) = preSolution
		HideSolutionNode = FALSE
	EndGlobalSection
	GlobalSection(ExtensibilityGlobals) = postSolution
		SolutionGuid = {FCBEF288-90F0-4A52-9434-7833004B8D3C}
	EndGlobalSection
EndGlobal
